// !$*UTF8*$!
{
	archiveVersion = 1;
	classes = {
	};
	objectVersion = 51;
	objects = {

/* Begin PBXBuildFile section */
		A433267325B6FB5A0088092D /* AppDelegate.swift in Sources */ = {isa = PBXBuildFile; fileRef = A433267225B6FB5A0088092D /* AppDelegate.swift */; };
		A433267525B6FB5A0088092D /* SceneDelegate.swift in Sources */ = {isa = PBXBuildFile; fileRef = A433267425B6FB5A0088092D /* SceneDelegate.swift */; };
		A433267725B6FB5A0088092D /* ViewController.swift in Sources */ = {isa = PBXBuildFile; fileRef = A433267625B6FB5A0088092D /* ViewController.swift */; };
		A433267A25B6FB5A0088092D /* Main.storyboard in Resources */ = {isa = PBXBuildFile; fileRef = A433267825B6FB5A0088092D /* Main.storyboard */; };
		A433267F25B6FB5D0088092D /* LaunchScreen.storyboard in Resources */ = {isa = PBXBuildFile; fileRef = A433267D25B6FB5D0088092D /* LaunchScreen.storyboard */; };
		A433268F25B6FC6D0088092D /* MainTabController.swift in Sources */ = {isa = PBXBuildFile; fileRef = A433268E25B6FC6D0088092D /* MainTabController.swift */; };
		A433269225B6FE310088092D /* FeedController.swift in Sources */ = {isa = PBXBuildFile; fileRef = A433269125B6FE310088092D /* FeedController.swift */; };
		A433269525B6FE4C0088092D /* SearchController.swift in Sources */ = {isa = PBXBuildFile; fileRef = A433269425B6FE4C0088092D /* SearchController.swift */; };
		A433269825B6FE600088092D /* ImageSelectorController.swift in Sources */ = {isa = PBXBuildFile; fileRef = A433269725B6FE600088092D /* ImageSelectorController.swift */; };
		A433269F25B6FE770088092D /* NotificationsController.swift in Sources */ = {isa = PBXBuildFile; fileRef = A433269E25B6FE770088092D /* NotificationsController.swift */; };
		A43326A225B6FE850088092D /* ProfileController.swift in Sources */ = {isa = PBXBuildFile; fileRef = A43326A125B6FE850088092D /* ProfileController.swift */; };
		A43326A525B706AA0088092D /* Assets.xcassets in Resources */ = {isa = PBXBuildFile; fileRef = A43326A425B706AA0088092D /* Assets.xcassets */; };
		A43326A925B727710088092D /* FeedCell.swift in Sources */ = {isa = PBXBuildFile; fileRef = A43326A825B727710088092D /* FeedCell.swift */; };
		A43326AC25B728490088092D /* Extensions.swift in Sources */ = {isa = PBXBuildFile; fileRef = A43326AB25B728490088092D /* Extensions.swift */; };
		A4654EA425B99B340044FA39 /* ProfileCell.swift in Sources */ = {isa = PBXBuildFile; fileRef = A4654EA325B99B340044FA39 /* ProfileCell.swift */; };
		A4654EA725B99B3F0044FA39 /* ProfileHeader.swift in Sources */ = {isa = PBXBuildFile; fileRef = A4654EA625B99B3F0044FA39 /* ProfileHeader.swift */; };
		A472D86525B84FA200E1DC39 /* LoginController.swift in Sources */ = {isa = PBXBuildFile; fileRef = A472D86425B84FA200E1DC39 /* LoginController.swift */; };
		A472D86825B84FAC00E1DC39 /* RegistrationController.swift in Sources */ = {isa = PBXBuildFile; fileRef = A472D86725B84FAC00E1DC39 /* RegistrationController.swift */; };
		A472D86B25B874DC00E1DC39 /* CustomTextField.swift in Sources */ = {isa = PBXBuildFile; fileRef = A472D86A25B874DC00E1DC39 /* CustomTextField.swift */; };
		A472D86E25B8978F00E1DC39 /* AuthenticationViewModel.swift in Sources */ = {isa = PBXBuildFile; fileRef = A472D86D25B8978F00E1DC39 /* AuthenticationViewModel.swift */; };
		A472D87125B8BDC100E1DC39 /* GoogleService-Info.plist in Resources */ = {isa = PBXBuildFile; fileRef = A472D87025B8BDC100E1DC39 /* GoogleService-Info.plist */; };
		A474CDE525B9005D004475A5 /* ImageUploader.swift in Sources */ = {isa = PBXBuildFile; fileRef = A474CDE425B9005D004475A5 /* ImageUploader.swift */; };
		A474CDE825B90070004475A5 /* AuthService.swift in Sources */ = {isa = PBXBuildFile; fileRef = A474CDE725B90070004475A5 /* AuthService.swift */; };
		E642A2F797476F9E9386012B /* Pods_InstagramFirestore.framework in Frameworks */ = {isa = PBXBuildFile; fileRef = 9EA0EE2FF3C8BE04B6642A96 /* Pods_InstagramFirestore.framework */; };
/* End PBXBuildFile section */

/* Begin PBXFileReference section */
		44F22AE07247D6561FB2668F /* Pods-InstagramFirestore.debug.xcconfig */ = {isa = PBXFileReference; includeInIndex = 1; lastKnownFileType = text.xcconfig; name = "Pods-InstagramFirestore.debug.xcconfig"; path = "Target Support Files/Pods-InstagramFirestore/Pods-InstagramFirestore.debug.xcconfig"; sourceTree = "<group>"; };
		9EA0EE2FF3C8BE04B6642A96 /* Pods_InstagramFirestore.framework */ = {isa = PBXFileReference; explicitFileType = wrapper.framework; includeInIndex = 0; path = Pods_InstagramFirestore.framework; sourceTree = BUILT_PRODUCTS_DIR; };
		A433266F25B6FB5A0088092D /* InstagramFirestore.app */ = {isa = PBXFileReference; explicitFileType = wrapper.application; includeInIndex = 0; path = InstagramFirestore.app; sourceTree = BUILT_PRODUCTS_DIR; };
		A433267225B6FB5A0088092D /* AppDelegate.swift */ = {isa = PBXFileReference; lastKnownFileType = sourcecode.swift; path = AppDelegate.swift; sourceTree = "<group>"; };
		A433267425B6FB5A0088092D /* SceneDelegate.swift */ = {isa = PBXFileReference; lastKnownFileType = sourcecode.swift; path = SceneDelegate.swift; sourceTree = "<group>"; };
		A433267625B6FB5A0088092D /* ViewController.swift */ = {isa = PBXFileReference; lastKnownFileType = sourcecode.swift; path = ViewController.swift; sourceTree = "<group>"; };
		A433267925B6FB5A0088092D /* Base */ = {isa = PBXFileReference; lastKnownFileType = file.storyboard; name = Base; path = Base.lproj/Main.storyboard; sourceTree = "<group>"; };
		A433267E25B6FB5D0088092D /* Base */ = {isa = PBXFileReference; lastKnownFileType = file.storyboard; name = Base; path = Base.lproj/LaunchScreen.storyboard; sourceTree = "<group>"; };
		A433268025B6FB5D0088092D /* Info.plist */ = {isa = PBXFileReference; lastKnownFileType = text.plist.xml; path = Info.plist; sourceTree = "<group>"; };
		A433268E25B6FC6D0088092D /* MainTabController.swift */ = {isa = PBXFileReference; lastKnownFileType = sourcecode.swift; path = MainTabController.swift; sourceTree = "<group>"; };
		A433269125B6FE310088092D /* FeedController.swift */ = {isa = PBXFileReference; lastKnownFileType = sourcecode.swift; path = FeedController.swift; sourceTree = "<group>"; };
		A433269425B6FE4C0088092D /* SearchController.swift */ = {isa = PBXFileReference; lastKnownFileType = sourcecode.swift; path = SearchController.swift; sourceTree = "<group>"; };
		A433269725B6FE600088092D /* ImageSelectorController.swift */ = {isa = PBXFileReference; lastKnownFileType = sourcecode.swift; path = ImageSelectorController.swift; sourceTree = "<group>"; };
		A433269E25B6FE770088092D /* NotificationsController.swift */ = {isa = PBXFileReference; lastKnownFileType = sourcecode.swift; path = NotificationsController.swift; sourceTree = "<group>"; };
		A43326A125B6FE850088092D /* ProfileController.swift */ = {isa = PBXFileReference; lastKnownFileType = sourcecode.swift; path = ProfileController.swift; sourceTree = "<group>"; };
		A43326A425B706AA0088092D /* Assets.xcassets */ = {isa = PBXFileReference; lastKnownFileType = folder.assetcatalog; name = Assets.xcassets; path = ../../../../Desktop/Assets.xcassets; sourceTree = "<group>"; };
		A43326A825B727710088092D /* FeedCell.swift */ = {isa = PBXFileReference; lastKnownFileType = sourcecode.swift; path = FeedCell.swift; sourceTree = "<group>"; };
		A43326AB25B728490088092D /* Extensions.swift */ = {isa = PBXFileReference; lastKnownFileType = sourcecode.swift; path = Extensions.swift; sourceTree = "<group>"; };
		A4654EA325B99B340044FA39 /* ProfileCell.swift */ = {isa = PBXFileReference; lastKnownFileType = sourcecode.swift; path = ProfileCell.swift; sourceTree = "<group>"; };
		A4654EA625B99B3F0044FA39 /* ProfileHeader.swift */ = {isa = PBXFileReference; lastKnownFileType = sourcecode.swift; path = ProfileHeader.swift; sourceTree = "<group>"; };
		A472D86425B84FA200E1DC39 /* LoginController.swift */ = {isa = PBXFileReference; lastKnownFileType = sourcecode.swift; path = LoginController.swift; sourceTree = "<group>"; };
		A472D86725B84FAC00E1DC39 /* RegistrationController.swift */ = {isa = PBXFileReference; lastKnownFileType = sourcecode.swift; path = RegistrationController.swift; sourceTree = "<group>"; };
		A472D86A25B874DC00E1DC39 /* CustomTextField.swift */ = {isa = PBXFileReference; lastKnownFileType = sourcecode.swift; path = CustomTextField.swift; sourceTree = "<group>"; };
		A472D86D25B8978F00E1DC39 /* AuthenticationViewModel.swift */ = {isa = PBXFileReference; lastKnownFileType = sourcecode.swift; path = AuthenticationViewModel.swift; sourceTree = "<group>"; };
		A472D87025B8BDC100E1DC39 /* GoogleService-Info.plist */ = {isa = PBXFileReference; fileEncoding = 4; lastKnownFileType = text.plist.xml; path = "GoogleService-Info.plist"; sourceTree = "<group>"; };
		A474CDE425B9005D004475A5 /* ImageUploader.swift */ = {isa = PBXFileReference; lastKnownFileType = sourcecode.swift; path = ImageUploader.swift; sourceTree = "<group>"; };
		A474CDE725B90070004475A5 /* AuthService.swift */ = {isa = PBXFileReference; lastKnownFileType = sourcecode.swift; path = AuthService.swift; sourceTree = "<group>"; };
		F686390CA9C3556D8BB98118 /* Pods-InstagramFirestore.release.xcconfig */ = {isa = PBXFileReference; includeInIndex = 1; lastKnownFileType = text.xcconfig; name = "Pods-InstagramFirestore.release.xcconfig"; path = "Target Support Files/Pods-InstagramFirestore/Pods-InstagramFirestore.release.xcconfig"; sourceTree = "<group>"; };
/* End PBXFileReference section */

/* Begin PBXFrameworksBuildPhase section */
		A433266C25B6FB5A0088092D /* Frameworks */ = {
			isa = PBXFrameworksBuildPhase;
			buildActionMask = 2147483647;
			files = (
				E642A2F797476F9E9386012B /* Pods_InstagramFirestore.framework in Frameworks */,
			);
			runOnlyForDeploymentPostprocessing = 0;
		};
/* End PBXFrameworksBuildPhase section */

/* Begin PBXGroup section */
		3E970D59322ADCB2E808E248 /* Frameworks */ = {
			isa = PBXGroup;
			children = (
				9EA0EE2FF3C8BE04B6642A96 /* Pods_InstagramFirestore.framework */,
			);
			name = Frameworks;
			sourceTree = "<group>";
		};
		A433266625B6FB5A0088092D = {
			isa = PBXGroup;
			children = (
				A433267125B6FB5A0088092D /* InstagramFirestore */,
				A433267025B6FB5A0088092D /* Products */,
				E70D1B20A4AD685ED51158EE /* Pods */,
				3E970D59322ADCB2E808E248 /* Frameworks */,
			);
			sourceTree = "<group>";
		};
		A433267025B6FB5A0088092D /* Products */ = {
			isa = PBXGroup;
			children = (
				A433266F25B6FB5A0088092D /* InstagramFirestore.app */,
			);
			name = Products;
			sourceTree = "<group>";
		};
		A433267125B6FB5A0088092D /* InstagramFirestore */ = {
			isa = PBXGroup;
			children = (
				A433268725B6FB6E0088092D /* Model */,
				A433268825B6FB730088092D /* View */,
				A433268925B6FB770088092D /* ViewModel */,
				A433268C25B6FB970088092D /* Controller */,
				A433268A25B6FB910088092D /* API */,
				A433268D25B6FC020088092D /* Utils */,
				A433267225B6FB5A0088092D /* AppDelegate.swift */,
				A433267425B6FB5A0088092D /* SceneDelegate.swift */,
				A433267625B6FB5A0088092D /* ViewController.swift */,
				A433267825B6FB5A0088092D /* Main.storyboard */,
				A43326A425B706AA0088092D /* Assets.xcassets */,
				A433267D25B6FB5D0088092D /* LaunchScreen.storyboard */,
				A433268025B6FB5D0088092D /* Info.plist */,
				A472D87025B8BDC100E1DC39 /* GoogleService-Info.plist */,
			);
			path = InstagramFirestore;
			sourceTree = "<group>";
		};
		A433268725B6FB6E0088092D /* Model */ = {
			isa = PBXGroup;
			children = (
			);
			path = Model;
			sourceTree = "<group>";
		};
		A433268825B6FB730088092D /* View */ = {
			isa = PBXGroup;
			children = (
				A4654EA925B99B470044FA39 /* Profile */,
				A43326A825B727710088092D /* FeedCell.swift */,
				A472D86A25B874DC00E1DC39 /* CustomTextField.swift */,
			);
			path = View;
			sourceTree = "<group>";
		};
		A433268925B6FB770088092D /* ViewModel */ = {
			isa = PBXGroup;
			children = (
				A472D86D25B8978F00E1DC39 /* AuthenticationViewModel.swift */,
			);
			path = ViewModel;
			sourceTree = "<group>";
		};
		A433268A25B6FB910088092D /* API */ = {
			isa = PBXGroup;
			children = (
				A474CDE425B9005D004475A5 /* ImageUploader.swift */,
				A474CDE725B90070004475A5 /* AuthService.swift */,
			);
			path = API;
			sourceTree = "<group>";
		};
		A433268C25B6FB970088092D /* Controller */ = {
			isa = PBXGroup;
			children = (
				A472D86325B84F9000E1DC39 /* Authentication */,
				A433268E25B6FC6D0088092D /* MainTabController.swift */,
				A433269125B6FE310088092D /* FeedController.swift */,
				A433269425B6FE4C0088092D /* SearchController.swift */,
				A433269725B6FE600088092D /* ImageSelectorController.swift */,
				A433269E25B6FE770088092D /* NotificationsController.swift */,
				A43326A125B6FE850088092D /* ProfileController.swift */,
			);
			path = Controller;
			sourceTree = "<group>";
		};
		A433268D25B6FC020088092D /* Utils */ = {
			isa = PBXGroup;
			children = (
				A43326AB25B728490088092D /* Extensions.swift */,
			);
			path = Utils;
			sourceTree = "<group>";
		};
		A4654EA925B99B470044FA39 /* Profile */ = {
			isa = PBXGroup;
			children = (
				A4654EA325B99B340044FA39 /* ProfileCell.swift */,
				A4654EA625B99B3F0044FA39 /* ProfileHeader.swift */,
			);
			path = Profile;
			sourceTree = "<group>";
		};
		A472D86325B84F9000E1DC39 /* Authentication */ = {
			isa = PBXGroup;
			children = (
				A472D86425B84FA200E1DC39 /* LoginController.swift */,
				A472D86725B84FAC00E1DC39 /* RegistrationController.swift */,
			);
			path = Authentication;
			sourceTree = "<group>";
		};
		E70D1B20A4AD685ED51158EE /* Pods */ = {
			isa = PBXGroup;
			children = (
				44F22AE07247D6561FB2668F /* Pods-InstagramFirestore.debug.xcconfig */,
				F686390CA9C3556D8BB98118 /* Pods-InstagramFirestore.release.xcconfig */,
			);
			path = Pods;
			sourceTree = "<group>";
		};
/* End PBXGroup section */

/* Begin PBXNativeTarget section */
		A433266E25B6FB5A0088092D /* InstagramFirestore */ = {
			isa = PBXNativeTarget;
			buildConfigurationList = A433268325B6FB5D0088092D /* Build configuration list for PBXNativeTarget "InstagramFirestore" */;
			buildPhases = (
				1F4BFD19E259781206C94E70 /* [CP] Check Pods Manifest.lock */,
				A433266B25B6FB5A0088092D /* Sources */,
				A433266C25B6FB5A0088092D /* Frameworks */,
				A433266D25B6FB5A0088092D /* Resources */,
				366A38759452F2644F39A802 /* [CP] Embed Pods Frameworks */,
			);
			buildRules = (
			);
			dependencies = (
			);
			name = InstagramFirestore;
			productName = InstagramFirestore;
			productReference = A433266F25B6FB5A0088092D /* InstagramFirestore.app */;
			productType = "com.apple.product-type.application";
		};
/* End PBXNativeTarget section */

/* Begin PBXProject section */
		A433266725B6FB5A0088092D /* Project object */ = {
			isa = PBXProject;
			attributes = {
				LastSwiftUpdateCheck = 1220;
				LastUpgradeCheck = 1220;
				TargetAttributes = {
					A433266E25B6FB5A0088092D = {
						CreatedOnToolsVersion = 12.2;
					};
				};
			};
			buildConfigurationList = A433266A25B6FB5A0088092D /* Build configuration list for PBXProject "InstagramFirestore" */;
			compatibilityVersion = "Xcode 9.3";
			developmentRegion = en;
			hasScannedForEncodings = 0;
			knownRegions = (
				en,
				Base,
			);
			mainGroup = A433266625B6FB5A0088092D;
			productRefGroup = A433267025B6FB5A0088092D /* Products */;
			projectDirPath = "";
			projectRoot = "";
			targets = (
				A433266E25B6FB5A0088092D /* InstagramFirestore */,
			);
		};
/* End PBXProject section */

/* Begin PBXResourcesBuildPhase section */
		A433266D25B6FB5A0088092D /* Resources */ = {
			isa = PBXResourcesBuildPhase;
			buildActionMask = 2147483647;
			files = (
				A433267F25B6FB5D0088092D /* LaunchScreen.storyboard in Resources */,
				A472D87125B8BDC100E1DC39 /* GoogleService-Info.plist in Resources */,
				A43326A525B706AA0088092D /* Assets.xcassets in Resources */,
				A433267A25B6FB5A0088092D /* Main.storyboard in Resources */,
			);
			runOnlyForDeploymentPostprocessing = 0;
		};
/* End PBXResourcesBuildPhase section */

/* Begin PBXShellScriptBuildPhase section */
		1F4BFD19E259781206C94E70 /* [CP] Check Pods Manifest.lock */ = {
			isa = PBXShellScriptBuildPhase;
			buildActionMask = 2147483647;
			files = (
			);
			inputFileListPaths = (
			);
			inputPaths = (
				"${PODS_PODFILE_DIR_PATH}/Podfile.lock",
				"${PODS_ROOT}/Manifest.lock",
			);
			name = "[CP] Check Pods Manifest.lock";
			outputFileListPaths = (
			);
			outputPaths = (
				"$(DERIVED_FILE_DIR)/Pods-InstagramFirestore-checkManifestLockResult.txt",
			);
			runOnlyForDeploymentPostprocessing = 0;
			shellPath = /bin/sh;
			shellScript = "diff \"${PODS_PODFILE_DIR_PATH}/Podfile.lock\" \"${PODS_ROOT}/Manifest.lock\" > /dev/null\nif [ $? != 0 ] ; then\n    # print error to STDERR\n    echo \"error: The sandbox is not in sync with the Podfile.lock. Run 'pod install' or update your CocoaPods installation.\" >&2\n    exit 1\nfi\n# This output is used by Xcode 'outputs' to avoid re-running this script phase.\necho \"SUCCESS\" > \"${SCRIPT_OUTPUT_FILE_0}\"\n";
			showEnvVarsInLog = 0;
		};
		366A38759452F2644F39A802 /* [CP] Embed Pods Frameworks */ = {
			isa = PBXShellScriptBuildPhase;
			buildActionMask = 2147483647;
			files = (
			);
			inputFileListPaths = (
				"${PODS_ROOT}/Target Support Files/Pods-InstagramFirestore/Pods-InstagramFirestore-frameworks-${CONFIGURATION}-input-files.xcfilelist",
			);
			name = "[CP] Embed Pods Frameworks";
			outputFileListPaths = (
				"${PODS_ROOT}/Target Support Files/Pods-InstagramFirestore/Pods-InstagramFirestore-frameworks-${CONFIGURATION}-output-files.xcfilelist",
			);
			runOnlyForDeploymentPostprocessing = 0;
			shellPath = /bin/sh;
			shellScript = "\"${PODS_ROOT}/Target Support Files/Pods-InstagramFirestore/Pods-InstagramFirestore-frameworks.sh\"\n";
			showEnvVarsInLog = 0;
		};
/* End PBXShellScriptBuildPhase section */

/* Begin PBXSourcesBuildPhase section */
		A433266B25B6FB5A0088092D /* Sources */ = {
			isa = PBXSourcesBuildPhase;
			buildActionMask = 2147483647;
			files = (
				A472D86B25B874DC00E1DC39 /* CustomTextField.swift in Sources */,
				A4654EA725B99B3F0044FA39 /* ProfileHeader.swift in Sources */,
				A433267725B6FB5A0088092D /* ViewController.swift in Sources */,
				A472D86525B84FA200E1DC39 /* LoginController.swift in Sources */,
				A43326A925B727710088092D /* FeedCell.swift in Sources */,
				A433269825B6FE600088092D /* ImageSelectorController.swift in Sources */,
				A433269525B6FE4C0088092D /* SearchController.swift in Sources */,
				A472D86E25B8978F00E1DC39 /* AuthenticationViewModel.swift in Sources */,
				A433267325B6FB5A0088092D /* AppDelegate.swift in Sources */,
				A433269225B6FE310088092D /* FeedController.swift in Sources */,
				A43326A225B6FE850088092D /* ProfileController.swift in Sources */,
				A433268F25B6FC6D0088092D /* MainTabController.swift in Sources */,
				A433269F25B6FE770088092D /* NotificationsController.swift in Sources */,
				A43326AC25B728490088092D /* Extensions.swift in Sources */,
				A474CDE525B9005D004475A5 /* ImageUploader.swift in Sources */,
				A474CDE825B90070004475A5 /* AuthService.swift in Sources */,
				A4654EA425B99B340044FA39 /* ProfileCell.swift in Sources */,
				A433267525B6FB5A0088092D /* SceneDelegate.swift in Sources */,
				A472D86825B84FAC00E1DC39 /* RegistrationController.swift in Sources */,
			);
			runOnlyForDeploymentPostprocessing = 0;
		};
/* End PBXSourcesBuildPhase section */

/* Begin PBXVariantGroup section */
		A433267825B6FB5A0088092D /* Main.storyboard */ = {
			isa = PBXVariantGroup;
			children = (
				A433267925B6FB5A0088092D /* Base */,
			);
			name = Main.storyboard;
			sourceTree = "<group>";
		};
		A433267D25B6FB5D0088092D /* LaunchScreen.storyboard */ = {
			isa = PBXVariantGroup;
			children = (
				A433267E25B6FB5D0088092D /* Base */,
			);
			name = LaunchScreen.storyboard;
			sourceTree = "<group>";
		};
/* End PBXVariantGroup section */

/* Begin XCBuildConfiguration section */
		A433268125B6FB5D0088092D /* Debug */ = {
			isa = XCBuildConfiguration;
			buildSettings = {
				ALWAYS_SEARCH_USER_PATHS = NO;
				CLANG_ANALYZER_NONNULL = YES;
				CLANG_ANALYZER_NUMBER_OBJECT_CONVERSION = YES_AGGRESSIVE;
				CLANG_CXX_LANGUAGE_STANDARD = "gnu++14";
				CLANG_CXX_LIBRARY = "libc++";
				CLANG_ENABLE_MODULES = YES;
				CLANG_ENABLE_OBJC_ARC = YES;
				CLANG_ENABLE_OBJC_WEAK = YES;
				CLANG_WARN_BLOCK_CAPTURE_AUTORELEASING = YES;
				CLANG_WARN_BOOL_CONVERSION = YES;
				CLANG_WARN_COMMA = YES;
				CLANG_WARN_CONSTANT_CONVERSION = YES;
				CLANG_WARN_DEPRECATED_OBJC_IMPLEMENTATIONS = YES;
				CLANG_WARN_DIRECT_OBJC_ISA_USAGE = YES_ERROR;
				CLANG_WARN_DOCUMENTATION_COMMENTS = YES;
				CLANG_WARN_EMPTY_BODY = YES;
				CLANG_WARN_ENUM_CONVERSION = YES;
				CLANG_WARN_INFINITE_RECURSION = YES;
				CLANG_WARN_INT_CONVERSION = YES;
				CLANG_WARN_NON_LITERAL_NULL_CONVERSION = YES;
				CLANG_WARN_OBJC_IMPLICIT_RETAIN_SELF = YES;
				CLANG_WARN_OBJC_LITERAL_CONVERSION = YES;
				CLANG_WARN_OBJC_ROOT_CLASS = YES_ERROR;
				CLANG_WARN_QUOTED_INCLUDE_IN_FRAMEWORK_HEADER = YES;
				CLANG_WARN_RANGE_LOOP_ANALYSIS = YES;
				CLANG_WARN_STRICT_PROTOTYPES = YES;
				CLANG_WARN_SUSPICIOUS_MOVE = YES;
				CLANG_WARN_UNGUARDED_AVAILABILITY = YES_AGGRESSIVE;
				CLANG_WARN_UNREACHABLE_CODE = YES;
				CLANG_WARN__DUPLICATE_METHOD_MATCH = YES;
				COPY_PHASE_STRIP = NO;
				DEBUG_INFORMATION_FORMAT = dwarf;
				ENABLE_STRICT_OBJC_MSGSEND = YES;
				ENABLE_TESTABILITY = YES;
				GCC_C_LANGUAGE_STANDARD = gnu11;
				GCC_DYNAMIC_NO_PIC = NO;
				GCC_NO_COMMON_BLOCKS = YES;
				GCC_OPTIMIZATION_LEVEL = 0;
				GCC_PREPROCESSOR_DEFINITIONS = (
					"DEBUG=1",
					"$(inherited)",
				);
				GCC_WARN_64_TO_32_BIT_CONVERSION = YES;
				GCC_WARN_ABOUT_RETURN_TYPE = YES_ERROR;
				GCC_WARN_UNDECLARED_SELECTOR = YES;
				GCC_WARN_UNINITIALIZED_AUTOS = YES_AGGRESSIVE;
				GCC_WARN_UNUSED_FUNCTION = YES;
				GCC_WARN_UNUSED_VARIABLE = YES;
				IPHONEOS_DEPLOYMENT_TARGET = 14.2;
				MTL_ENABLE_DEBUG_INFO = INCLUDE_SOURCE;
				MTL_FAST_MATH = YES;
				ONLY_ACTIVE_ARCH = YES;
				SDKROOT = iphoneos;
				SWIFT_ACTIVE_COMPILATION_CONDITIONS = DEBUG;
				SWIFT_OPTIMIZATION_LEVEL = "-Onone";
			};
			name = Debug;
		};
		A433268225B6FB5D0088092D /* Release */ = {
			isa = XCBuildConfiguration;
			buildSettings = {
				ALWAYS_SEARCH_USER_PATHS = NO;
				CLANG_ANALYZER_NONNULL = YES;
				CLANG_ANALYZER_NUMBER_OBJECT_CONVERSION = YES_AGGRESSIVE;
				CLANG_CXX_LANGUAGE_STANDARD = "gnu++14";
				CLANG_CXX_LIBRARY = "libc++";
				CLANG_ENABLE_MODULES = YES;
				CLANG_ENABLE_OBJC_ARC = YES;
				CLANG_ENABLE_OBJC_WEAK = YES;
				CLANG_WARN_BLOCK_CAPTURE_AUTORELEASING = YES;
				CLANG_WARN_BOOL_CONVERSION = YES;
				CLANG_WARN_COMMA = YES;
				CLANG_WARN_CONSTANT_CONVERSION = YES;
				CLANG_WARN_DEPRECATED_OBJC_IMPLEMENTATIONS = YES;
				CLANG_WARN_DIRECT_OBJC_ISA_USAGE = YES_ERROR;
				CLANG_WARN_DOCUMENTATION_COMMENTS = YES;
				CLANG_WARN_EMPTY_BODY = YES;
				CLANG_WARN_ENUM_CONVERSION = YES;
				CLANG_WARN_INFINITE_RECURSION = YES;
				CLANG_WARN_INT_CONVERSION = YES;
				CLANG_WARN_NON_LITERAL_NULL_CONVERSION = YES;
				CLANG_WARN_OBJC_IMPLICIT_RETAIN_SELF = YES;
				CLANG_WARN_OBJC_LITERAL_CONVERSION = YES;
				CLANG_WARN_OBJC_ROOT_CLASS = YES_ERROR;
				CLANG_WARN_QUOTED_INCLUDE_IN_FRAMEWORK_HEADER = YES;
				CLANG_WARN_RANGE_LOOP_ANALYSIS = YES;
				CLANG_WARN_STRICT_PROTOTYPES = YES;
				CLANG_WARN_SUSPICIOUS_MOVE = YES;
				CLANG_WARN_UNGUARDED_AVAILABILITY = YES_AGGRESSIVE;
				CLANG_WARN_UNREACHABLE_CODE = YES;
				CLANG_WARN__DUPLICATE_METHOD_MATCH = YES;
				COPY_PHASE_STRIP = NO;
				DEBUG_INFORMATION_FORMAT = "dwarf-with-dsym";
				ENABLE_NS_ASSERTIONS = NO;
				ENABLE_STRICT_OBJC_MSGSEND = YES;
				GCC_C_LANGUAGE_STANDARD = gnu11;
				GCC_NO_COMMON_BLOCKS = YES;
				GCC_WARN_64_TO_32_BIT_CONVERSION = YES;
				GCC_WARN_ABOUT_RETURN_TYPE = YES_ERROR;
				GCC_WARN_UNDECLARED_SELECTOR = YES;
				GCC_WARN_UNINITIALIZED_AUTOS = YES_AGGRESSIVE;
				GCC_WARN_UNUSED_FUNCTION = YES;
				GCC_WARN_UNUSED_VARIABLE = YES;
				IPHONEOS_DEPLOYMENT_TARGET = 14.2;
				MTL_ENABLE_DEBUG_INFO = NO;
				MTL_FAST_MATH = YES;
				SDKROOT = iphoneos;
				SWIFT_COMPILATION_MODE = wholemodule;
				SWIFT_OPTIMIZATION_LEVEL = "-O";
				VALIDATE_PRODUCT = YES;
			};
			name = Release;
		};
		A433268425B6FB5D0088092D /* Debug */ = {
			isa = XCBuildConfiguration;
			baseConfigurationReference = 44F22AE07247D6561FB2668F /* Pods-InstagramFirestore.debug.xcconfig */;
			buildSettings = {
				ASSETCATALOG_COMPILER_APPICON_NAME = AppIcon;
				ASSETCATALOG_COMPILER_GLOBAL_ACCENT_COLOR_NAME = AccentColor;
				CODE_SIGN_STYLE = Automatic;
				DEVELOPMENT_TEAM = T73532284R;
				INFOPLIST_FILE = InstagramFirestore/Info.plist;
				LD_RUNPATH_SEARCH_PATHS = (
					"$(inherited)",
					"@executable_path/Frameworks",
				);
				PRODUCT_BUNDLE_IDENTIFIER = trimer.vitor.InstagramFirestore;
				PRODUCT_NAME = "$(TARGET_NAME)";
				SWIFT_VERSION = 5.0;
				TARGETED_DEVICE_FAMILY = "1,2";
			};
			name = Debug;
		};
		A433268525B6FB5D0088092D /* Release */ = {
			isa = XCBuildConfiguration;
			baseConfigurationReference = F686390CA9C3556D8BB98118 /* Pods-InstagramFirestore.release.xcconfig */;
			buildSettings = {
				ASSETCATALOG_COMPILER_APPICON_NAME = AppIcon;
				ASSETCATALOG_COMPILER_GLOBAL_ACCENT_COLOR_NAME = AccentColor;
				CODE_SIGN_STYLE = Automatic;
				DEVELOPMENT_TEAM = T73532284R;
				INFOPLIST_FILE = InstagramFirestore/Info.plist;
				LD_RUNPATH_SEARCH_PATHS = (
					"$(inherited)",
					"@executable_path/Frameworks",
				);
				PRODUCT_BUNDLE_IDENTIFIER = trimer.vitor.InstagramFirestore;
				PRODUCT_NAME = "$(TARGET_NAME)";
				SWIFT_VERSION = 5.0;
				TARGETED_DEVICE_FAMILY = "1,2";
			};
			name = Release;
		};
/* End XCBuildConfiguration section */

/* Begin XCConfigurationList section */
		A433266A25B6FB5A0088092D /* Build configuration list for PBXProject "InstagramFirestore" */ = {
			isa = XCConfigurationList;
			buildConfigurations = (
				A433268125B6FB5D0088092D /* Debug */,
				A433268225B6FB5D0088092D /* Release */,
			);
			defaultConfigurationIsVisible = 0;
			defaultConfigurationName = Release;
		};
		A433268325B6FB5D0088092D /* Build configuration list for PBXNativeTarget "InstagramFirestore" */ = {
			isa = XCConfigurationList;
			buildConfigurations = (
				A433268425B6FB5D0088092D /* Debug */,
				A433268525B6FB5D0088092D /* Release */,
			);
			defaultConfigurationIsVisible = 0;
			defaultConfigurationName = Release;
		};
/* End XCConfigurationList section */
	};
	rootObject = A433266725B6FB5A0088092D /* Project object */;
}
